
Microsoft Visual Studio Solution File, Format Version 12.00
# Visual Studio Version 16
VisualStudioVersion = 16.0.30503.244
MinimumVisualStudioVersion = 10.0.40219.1
Project("{FAE04EC0-301F-11D3-BF4B-00C04F79EFBC}") = "prMatrizMultidimencional", "prMatrizMultidimencional.csproj", "{B1EC8760-49BA-459B-94DF-82A5EF162205}"
EndProject
Global
	GlobalSection(SolutionConfigurationPlatforms) = preSolution
		Debug|Any CPU = Debug|Any CPU
		Release|Any CPU = Release|Any CPU
	EndGlobalSection
	GlobalSection(ProjectConfigurationPlatforms) = postSolution
		{B1EC8760-49BA-459B-94DF-82A5EF162205}.Debug|Any CPU.ActiveCfg = Debug|Any CPU
		{B1EC8760-49BA-459B-94DF-82A5EF162205}.Debug|Any CPU.Build.0 = Debug|Any CPU
		{B1EC8760-49BA-459B-94DF-82A5EF162205}.Release|Any CPU.ActiveCfg = Release|Any CPU
		{B1EC8760-49BA-459B-94DF-82A5EF162205}.Release|Any CPU.Build.0 = Release|Any CPU
	EndGlobalSection
	GlobalSection(SolutionProperties) = preSolution
		HideSolutionNode = FALSE
	EndGlobalSection
	GlobalSection(ExtensibilityGlobals) = postSolution
		SolutionGuid = {B755A698-7D87-4FB0-83F4-688477094367}
	EndGlobalSection
EndGlobal
